github.com/frogssoldseparately/simpleseek/sreader v0.0.0-20260908174629-ee010ffe28db h1:w+oUycdSY2EpaignhZG9oJE2+My30L90dDMYN5XLgnw=
github.com/frogssoldseparately/simpleseek/sreader v0.0.0-20260908174629-ee010ffe28db/go.mod h1:zI6o3UOnYBIppN8jOpGtu180N2/SNp/zsclleG+MYrY=
github.com/frogssoldseparately/simpleseek/swriter v0.0.0-20260908064029-c93ba24cfe4e h1:510EhIugGXwTUvCop3S61JjIviH78Q+IPEXQQ9fZLtE=
github.com/frogssoldseparately/simpleseek/swriter v0.0.0-20260908064029-c93ba24cfe4e/go.mod h1:ZAHfldy09407kSaNw+9JB+1EFyE4/dUfDmi0jUc99Hw=
